// !$*UTF8*$!
{
	archiveVersion = 1;
	classes = {
	};
	objectVersion = 55;
	objects = {

/* Begin PBXBuildFile section */
		7D4EBD2127E8DD4F008A61F7 /* AppDelegate.swift in Sources */ = {isa = PBXBuildFile; fileRef = 7D4EBD2027E8DD4F008A61F7 /* AppDelegate.swift */; };
		7D4EBD2327E8DD4F008A61F7 /* SceneDelegate.swift in Sources */ = {isa = PBXBuildFile; fileRef = 7D4EBD2227E8DD4F008A61F7 /* SceneDelegate.swift */; };
		7D4EBD2527E8DD4F008A61F7 /* ViperViewController.swift in Sources */ = {isa = PBXBuildFile; fileRef = 7D4EBD2427E8DD4F008A61F7 /* ViperViewController.swift */; };
		7D4EBD2827E8DD4F008A61F7 /* Main.storyboard in Resources */ = {isa = PBXBuildFile; fileRef = 7D4EBD2627E8DD4F008A61F7 /* Main.storyboard */; };
		7D4EBD2A27E8DD50008A61F7 /* Assets.xcassets in Resources */ = {isa = PBXBuildFile; fileRef = 7D4EBD2927E8DD50008A61F7 /* Assets.xcassets */; };
		7D4EBD2D27E8DD50008A61F7 /* LaunchScreen.storyboard in Resources */ = {isa = PBXBuildFile; fileRef = 7D4EBD2B27E8DD50008A61F7 /* LaunchScreen.storyboard */; };
		7D4EBD3527E8DD79008A61F7 /* ViewInput.swift in Sources */ = {isa = PBXBuildFile; fileRef = 7D4EBD3427E8DD79008A61F7 /* ViewInput.swift */; };
		7D4EBD3727E8DD94008A61F7 /* ViewOutput.swift in Sources */ = {isa = PBXBuildFile; fileRef = 7D4EBD3627E8DD94008A61F7 /* ViewOutput.swift */; };
		7D4EBD3B27E8DE76008A61F7 /* ViperPresenter.swift in Sources */ = {isa = PBXBuildFile; fileRef = 7D4EBD3A27E8DE76008A61F7 /* ViperPresenter.swift */; };
		7D4EBD3D27E8DE99008A61F7 /* Interactor.swift in Sources */ = {isa = PBXBuildFile; fileRef = 7D4EBD3C27E8DE99008A61F7 /* Interactor.swift */; };
		7D4EBD3F27E8DEA5008A61F7 /* InteractorInput.swift in Sources */ = {isa = PBXBuildFile; fileRef = 7D4EBD3E27E8DEA5008A61F7 /* InteractorInput.swift */; };
		7D4EBD4127E8DEB1008A61F7 /* InteractorOutput.swift in Sources */ = {isa = PBXBuildFile; fileRef = 7D4EBD4027E8DEB1008A61F7 /* InteractorOutput.swift */; };
		7D4EBD4527E8DEE0008A61F7 /* RouterInput.swift in Sources */ = {isa = PBXBuildFile; fileRef = 7D4EBD4427E8DEE0008A61F7 /* RouterInput.swift */; };
		7D4EBD4727E8DEEC008A61F7 /* Router.swift in Sources */ = {isa = PBXBuildFile; fileRef = 7D4EBD4627E8DEEC008A61F7 /* Router.swift */; };
		7D4EBD4927E8E174008A61F7 /* DataManager.swift in Sources */ = {isa = PBXBuildFile; fileRef = 7D4EBD4827E8E174008A61F7 /* DataManager.swift */; };
		7D4EBD4B27E8FCF5008A61F7 /* ViperAssembly.swift in Sources */ = {isa = PBXBuildFile; fileRef = 7D4EBD4A27E8FCF5008A61F7 /* ViperAssembly.swift */; };
/* End PBXBuildFile section */

/* Begin PBXFileReference section */
		7D4EBD1D27E8DD4F008A61F7 /* VIPER.app */ = {isa = PBXFileReference; explicitFileType = wrapper.application; includeInIndex = 0; path = VIPER.app; sourceTree = BUILT_PRODUCTS_DIR; };
		7D4EBD2027E8DD4F008A61F7 /* AppDelegate.swift */ = {isa = PBXFileReference; lastKnownFileType = sourcecode.swift; path = AppDelegate.swift; sourceTree = "<group>"; };
		7D4EBD2227E8DD4F008A61F7 /* SceneDelegate.swift */ = {isa = PBXFileReference; lastKnownFileType = sourcecode.swift; path = SceneDelegate.swift; sourceTree = "<group>"; };
		7D4EBD2427E8DD4F008A61F7 /* ViperViewController.swift */ = {isa = PBXFileReference; lastKnownFileType = sourcecode.swift; path = ViperViewController.swift; sourceTree = "<group>"; };
		7D4EBD2727E8DD4F008A61F7 /* Base */ = {isa = PBXFileReference; lastKnownFileType = file.storyboard; name = Base; path = Base.lproj/Main.storyboard; sourceTree = "<group>"; };
		7D4EBD2927E8DD50008A61F7 /* Assets.xcassets */ = {isa = PBXFileReference; lastKnownFileType = folder.assetcatalog; path = Assets.xcassets; sourceTree = "<group>"; };
		7D4EBD2C27E8DD50008A61F7 /* Base */ = {isa = PBXFileReference; lastKnownFileType = file.storyboard; name = Base; path = Base.lproj/LaunchScreen.storyboard; sourceTree = "<group>"; };
		7D4EBD2E27E8DD50008A61F7 /* Info.plist */ = {isa = PBXFileReference; lastKnownFileType = text.plist.xml; path = Info.plist; sourceTree = "<group>"; };
		7D4EBD3427E8DD79008A61F7 /* ViewInput.swift */ = {isa = PBXFileReference; lastKnownFileType = sourcecode.swift; path = ViewInput.swift; sourceTree = "<group>"; };
		7D4EBD3627E8DD94008A61F7 /* ViewOutput.swift */ = {isa = PBXFileReference; lastKnownFileType = sourcecode.swift; path = ViewOutput.swift; sourceTree = "<group>"; };
		7D4EBD3A27E8DE76008A61F7 /* ViperPresenter.swift */ = {isa = PBXFileReference; lastKnownFileType = sourcecode.swift; path = ViperPresenter.swift; sourceTree = "<group>"; };
		7D4EBD3C27E8DE99008A61F7 /* Interactor.swift */ = {isa = PBXFileReference; lastKnownFileType = sourcecode.swift; path = Interactor.swift; sourceTree = "<group>"; };
		7D4EBD3E27E8DEA5008A61F7 /* InteractorInput.swift */ = {isa = PBXFileReference; lastKnownFileType = sourcecode.swift; path = InteractorInput.swift; sourceTree = "<group>"; };
		7D4EBD4027E8DEB1008A61F7 /* InteractorOutput.swift */ = {isa = PBXFileReference; lastKnownFileType = sourcecode.swift; path = InteractorOutput.swift; sourceTree = "<group>"; };
		7D4EBD4427E8DEE0008A61F7 /* RouterInput.swift */ = {isa = PBXFileReference; lastKnownFileType = sourcecode.swift; path = RouterInput.swift; sourceTree = "<group>"; };
		7D4EBD4627E8DEEC008A61F7 /* Router.swift */ = {isa = PBXFileReference; lastKnownFileType = sourcecode.swift; path = Router.swift; sourceTree = "<group>"; };
		7D4EBD4827E8E174008A61F7 /* DataManager.swift */ = {isa = PBXFileReference; lastKnownFileType = sourcecode.swift; path = DataManager.swift; sourceTree = "<group>"; };
		7D4EBD4A27E8FCF5008A61F7 /* ViperAssembly.swift */ = {isa = PBXFileReference; lastKnownFileType = sourcecode.swift; path = ViperAssembly.swift; sourceTree = "<group>"; };
/* End PBXFileReference section */

/* Begin PBXFrameworksBuildPhase section */
		7D4EBD1A27E8DD4F008A61F7 /* Frameworks */ = {
			isa = PBXFrameworksBuildPhase;
			buildActionMask = 2147483647;
			files = (
			);
			runOnlyForDeploymentPostprocessing = 0;
		};
/* End PBXFrameworksBuildPhase section */

/* Begin PBXGroup section */
		7D4EBD1427E8DD4F008A61F7 = {
			isa = PBXGroup;
			children = (
				7D4EBD1F27E8DD4F008A61F7 /* VIPER */,
				7D4EBD1E27E8DD4F008A61F7 /* Products */,
			);
			sourceTree = "<group>";
		};
		7D4EBD1E27E8DD4F008A61F7 /* Products */ = {
			isa = PBXGroup;
			children = (
				7D4EBD1D27E8DD4F008A61F7 /* VIPER.app */,
			);
			name = Products;
			sourceTree = "<group>";
		};
		7D4EBD1F27E8DD4F008A61F7 /* VIPER */ = {
			isa = PBXGroup;
			children = (
				7D4EBD2027E8DD4F008A61F7 /* AppDelegate.swift */,
				7D4EBD2227E8DD4F008A61F7 /* SceneDelegate.swift */,
				7D4EBD4827E8E174008A61F7 /* DataManager.swift */,
				7D4EBD4A27E8FCF5008A61F7 /* ViperAssembly.swift */,
				7D4EBD4327E8DECF008A61F7 /* Router */,
				7D4EBD4227E8DEB6008A61F7 /* Interactor */,
				7D4EBD3A27E8DE76008A61F7 /* ViperPresenter.swift */,
				7D4EBD3827E8DE40008A61F7 /* View */,
				7D4EBD2627E8DD4F008A61F7 /* Main.storyboard */,
				7D4EBD2927E8DD50008A61F7 /* Assets.xcassets */,
				7D4EBD2B27E8DD50008A61F7 /* LaunchScreen.storyboard */,
				7D4EBD2E27E8DD50008A61F7 /* Info.plist */,
			);
			path = VIPER;
			sourceTree = "<group>";
		};
		7D4EBD3827E8DE40008A61F7 /* View */ = {
			isa = PBXGroup;
			children = (
				7D4EBD2427E8DD4F008A61F7 /* ViperViewController.swift */,
				7D4EBD3427E8DD79008A61F7 /* ViewInput.swift */,
				7D4EBD3627E8DD94008A61F7 /* ViewOutput.swift */,
			);
			path = View;
			sourceTree = "<group>";
		};
		7D4EBD4227E8DEB6008A61F7 /* Interactor */ = {
			isa = PBXGroup;
			children = (
				7D4EBD3C27E8DE99008A61F7 /* Interactor.swift */,
				7D4EBD3E27E8DEA5008A61F7 /* InteractorInput.swift */,
				7D4EBD4027E8DEB1008A61F7 /* InteractorOutput.swift */,
			);
			path = Interactor;
			sourceTree = "<group>";
		};
		7D4EBD4327E8DECF008A61F7 /* Router */ = {
			isa = PBXGroup;
			children = (
				7D4EBD4427E8DEE0008A61F7 /* RouterInput.swift */,
				7D4EBD4627E8DEEC008A61F7 /* Router.swift */,
			);
			path = Router;
			sourceTree = "<group>";
		};
/* End PBXGroup section */

/* Begin PBXNativeTarget section */
		7D4EBD1C27E8DD4F008A61F7 /* VIPER */ = {
			isa = PBXNativeTarget;
			buildConfigurationList = 7D4EBD3127E8DD50008A61F7 /* Build configuration list for PBXNativeTarget "VIPER" */;
			buildPhases = (
				7D4EBD1927E8DD4F008A61F7 /* Sources */,
				7D4EBD1A27E8DD4F008A61F7 /* Frameworks */,
				7D4EBD1B27E8DD4F008A61F7 /* Resources */,
			);
			buildRules = (
			);
			dependencies = (
			);
			name = VIPER;
			productName = VIPER;
			productReference = 7D4EBD1D27E8DD4F008A61F7 /* VIPER.app */;
			productType = "com.apple.product-type.application";
		};
/* End PBXNativeTarget section */

/* Begin PBXProject section */
		7D4EBD1527E8DD4F008A61F7 /* Project object */ = {
			isa = PBXProject;
			attributes = {
				BuildIndependentTargetsInParallel = 1;
				LastSwiftUpdateCheck = 1330;
				LastUpgradeCheck = 1330;
				TargetAttributes = {
					7D4EBD1C27E8DD4F008A61F7 = {
						CreatedOnToolsVersion = 13.3;
					};
				};
			};
			buildConfigurationList = 7D4EBD1827E8DD4F008A61F7 /* Build configuration list for PBXProject "VIPER" */;
			compatibilityVersion = "Xcode 13.0";
			developmentRegion = en;
			hasScannedForEncodings = 0;
			knownRegions = (
				en,
				Base,
			);
			mainGroup = 7D4EBD1427E8DD4F008A61F7;
			productRefGroup = 7D4EBD1E27E8DD4F008A61F7 /* Products */;
			projectDirPath = "";
			projectRoot = "";
			targets = (
				7D4EBD1C27E8DD4F008A61F7 /* VIPER */,
			);
		};
/* End PBXProject section */

/* Begin PBXResourcesBuildPhase section */
		7D4EBD1B27E8DD4F008A61F7 /* Resources */ = {
			isa = PBXResourcesBuildPhase;
			buildActionMask = 2147483647;
			files = (
				7D4EBD2D27E8DD50008A61F7 /* LaunchScreen.storyboard in Resources */,
				7D4EBD2A27E8DD50008A61F7 /* Assets.xcassets in Resources */,
				7D4EBD2827E8DD4F008A61F7 /* Main.storyboard in Resources */,
			);
			runOnlyForDeploymentPostprocessing = 0;
		};
/* End PBXResourcesBuildPhase section */

/* Begin PBXSourcesBuildPhase section */
		7D4EBD1927E8DD4F008A61F7 /* Sources */ = {
			isa = PBXSourcesBuildPhase;
			buildActionMask = 2147483647;
			files = (
				7D4EBD4727E8DEEC008A61F7 /* Router.swift in Sources */,
				7D4EBD4927E8E174008A61F7 /* DataManager.swift in Sources */,
				7D4EBD2527E8DD4F008A61F7 /* ViperViewController.swift in Sources */,
				7D4EBD3727E8DD94008A61F7 /* ViewOutput.swift in Sources */,
				7D4EBD4B27E8FCF5008A61F7 /* ViperAssembly.swift in Sources */,
				7D4EBD3527E8DD79008A61F7 /* ViewInput.swift in Sources */,
				7D4EBD4127E8DEB1008A61F7 /* InteractorOutput.swift in Sources */,
				7D4EBD3F27E8DEA5008A61F7 /* InteractorInput.swift in Sources */,
				7D4EBD2127E8DD4F008A61F7 /* AppDelegate.swift in Sources */,
				7D4EBD2327E8DD4F008A61F7 /* SceneDelegate.swift in Sources */,
				7D4EBD4527E8DEE0008A61F7 /* RouterInput.swift in Sources */,
				7D4EBD3D27E8DE99008A61F7 /* Interactor.swift in Sources */,
				7D4EBD3B27E8DE76008A61F7 /* ViperPresenter.swift in Sources */,
			);
			runOnlyForDeploymentPostprocessing = 0;
		};
/* End PBXSourcesBuildPhase section */

/* Begin PBXVariantGroup section */
		7D4EBD2627E8DD4F008A61F7 /* Main.storyboard */ = {
			isa = PBXVariantGroup;
			children = (
				7D4EBD2727E8DD4F008A61F7 /* Base */,
			);
			name = Main.storyboard;
			sourceTree = "<group>";
		};
		7D4EBD2B27E8DD50008A61F7 /* LaunchScreen.storyboard */ = {
			isa = PBXVariantGroup;
			children = (
				7D4EBD2C27E8DD50008A61F7 /* Base */,
			);
			name = LaunchScreen.storyboard;
			sourceTree = "<group>";
		};
/* End PBXVariantGroup section */

/* Begin XCBuildConfiguration section */
		7D4EBD2F27E8DD50008A61F7 /* Debug */ = {
			isa = XCBuildConfiguration;
			buildSettings = {
				ALWAYS_SEARCH_USER_PATHS = NO;
				CLANG_ANALYZER_NONNULL = YES;
				CLANG_ANALYZER_NUMBER_OBJECT_CONVERSION = YES_AGGRESSIVE;
				CLANG_CXX_LANGUAGE_STANDARD = "gnu++17";
				CLANG_ENABLE_MODULES = YES;
				CLANG_ENABLE_OBJC_ARC = YES;
				CLANG_ENABLE_OBJC_WEAK = YES;
				CLANG_WARN_BLOCK_CAPTURE_AUTORELEASING = YES;
				CLANG_WARN_BOOL_CONVERSION = YES;
				CLANG_WARN_COMMA = YES;
				CLANG_WARN_CONSTANT_CONVERSION = YES;
				CLANG_WARN_DEPRECATED_OBJC_IMPLEMENTATIONS = YES;
				CLANG_WARN_DIRECT_OBJC_ISA_USAGE = YES_ERROR;
				CLANG_WARN_DOCUMENTATION_COMMENTS = YES;
				CLANG_WARN_EMPTY_BODY = YES;
				CLANG_WARN_ENUM_CONVERSION = YES;
				CLANG_WARN_INFINITE_RECURSION = YES;
				CLANG_WARN_INT_CONVERSION = YES;
				CLANG_WARN_NON_LITERAL_NULL_CONVERSION = YES;
				CLANG_WARN_OBJC_IMPLICIT_RETAIN_SELF = YES;
				CLANG_WARN_OBJC_LITERAL_CONVERSION = YES;
				CLANG_WARN_OBJC_ROOT_CLASS = YES_ERROR;
				CLANG_WARN_QUOTED_INCLUDE_IN_FRAMEWORK_HEADER = YES;
				CLANG_WARN_RANGE_LOOP_ANALYSIS = YES;
				CLANG_WARN_STRICT_PROTOTYPES = YES;
				CLANG_WARN_SUSPICIOUS_MOVE = YES;
				CLANG_WARN_UNGUARDED_AVAILABILITY = YES_AGGRESSIVE;
				CLANG_WARN_UNREACHABLE_CODE = YES;
				CLANG_WARN__DUPLICATE_METHOD_MATCH = YES;
				COPY_PHASE_STRIP = NO;
				DEBUG_INFORMATION_FORMAT = dwarf;
				ENABLE_STRICT_OBJC_MSGSEND = YES;
				ENABLE_TESTABILITY = YES;
				GCC_C_LANGUAGE_STANDARD = gnu11;
				GCC_DYNAMIC_NO_PIC = NO;
				GCC_NO_COMMON_BLOCKS = YES;
				GCC_OPTIMIZATION_LEVEL = 0;
				GCC_PREPROCESSOR_DEFINITIONS = (
					"DEBUG=1",
					"$(inherited)",
				);
				GCC_WARN_64_TO_32_BIT_CONVERSION = YES;
				GCC_WARN_ABOUT_RETURN_TYPE = YES_ERROR;
				GCC_WARN_UNDECLARED_SELECTOR = YES;
				GCC_WARN_UNINITIALIZED_AUTOS = YES_AGGRESSIVE;
				GCC_WARN_UNUSED_FUNCTION = YES;
				GCC_WARN_UNUSED_VARIABLE = YES;
				IPHONEOS_DEPLOYMENT_TARGET = 15.4;
				MTL_ENABLE_DEBUG_INFO = INCLUDE_SOURCE;
				MTL_FAST_MATH = YES;
				ONLY_ACTIVE_ARCH = YES;
				SDKROOT = iphoneos;
				SWIFT_ACTIVE_COMPILATION_CONDITIONS = DEBUG;
				SWIFT_OPTIMIZATION_LEVEL = "-Onone";
			};
			name = Debug;
		};
		7D4EBD3027E8DD50008A61F7 /* Release */ = {
			isa = XCBuildConfiguration;
			buildSettings = {
				ALWAYS_SEARCH_USER_PATHS = NO;
				CLANG_ANALYZER_NONNULL = YES;
				CLANG_ANALYZER_NUMBER_OBJECT_CONVERSION = YES_AGGRESSIVE;
				CLANG_CXX_LANGUAGE_STANDARD = "gnu++17";
				CLANG_ENABLE_MODULES = YES;
				CLANG_ENABLE_OBJC_ARC = YES;
				CLANG_ENABLE_OBJC_WEAK = YES;
				CLANG_WARN_BLOCK_CAPTURE_AUTORELEASING = YES;
				CLANG_WARN_BOOL_CONVERSION = YES;
				CLANG_WARN_COMMA = YES;
				CLANG_WARN_CONSTANT_CONVERSION = YES;
				CLANG_WARN_DEPRECATED_OBJC_IMPLEMENTATIONS = YES;
				CLANG_WARN_DIRECT_OBJC_ISA_USAGE = YES_ERROR;
				CLANG_WARN_DOCUMENTATION_COMMENTS = YES;
				CLANG_WARN_EMPTY_BODY = YES;
				CLANG_WARN_ENUM_CONVERSION = YES;
				CLANG_WARN_INFINITE_RECURSION = YES;
				CLANG_WARN_INT_CONVERSION = YES;
				CLANG_WARN_NON_LITERAL_NULL_CONVERSION = YES;
				CLANG_WARN_OBJC_IMPLICIT_RETAIN_SELF = YES;
				CLANG_WARN_OBJC_LITERAL_CONVERSION = YES;
				CLANG_WARN_OBJC_ROOT_CLASS = YES_ERROR;
				CLANG_WARN_QUOTED_INCLUDE_IN_FRAMEWORK_HEADER = YES;
				CLANG_WARN_RANGE_LOOP_ANALYSIS = YES;
				CLANG_WARN_STRICT_PROTOTYPES = YES;
				CLANG_WARN_SUSPICIOUS_MOVE = YES;
				CLANG_WARN_UNGUARDED_AVAILABILITY = YES_AGGRESSIVE;
				CLANG_WARN_UNREACHABLE_CODE = YES;
				CLANG_WARN__DUPLICATE_METHOD_MATCH = YES;
				COPY_PHASE_STRIP = NO;
				DEBUG_INFORMATION_FORMAT = "dwarf-with-dsym";
				ENABLE_NS_ASSERTIONS = NO;
				ENABLE_STRICT_OBJC_MSGSEND = YES;
				GCC_C_LANGUAGE_STANDARD = gnu11;
				GCC_NO_COMMON_BLOCKS = YES;
				GCC_WARN_64_TO_32_BIT_CONVERSION = YES;
				GCC_WARN_ABOUT_RETURN_TYPE = YES_ERROR;
				GCC_WARN_UNDECLARED_SELECTOR = YES;
				GCC_WARN_UNINITIALIZED_AUTOS = YES_AGGRESSIVE;
				GCC_WARN_UNUSED_FUNCTION = YES;
				GCC_WARN_UNUSED_VARIABLE = YES;
				IPHONEOS_DEPLOYMENT_TARGET = 15.4;
				MTL_ENABLE_DEBUG_INFO = NO;
				MTL_FAST_MATH = YES;
				SDKROOT = iphoneos;
				SWIFT_COMPILATION_MODE = wholemodule;
				SWIFT_OPTIMIZATION_LEVEL = "-O";
				VALIDATE_PRODUCT = YES;
			};
			name = Release;
		};
		7D4EBD3227E8DD50008A61F7 /* Debug */ = {
			isa = XCBuildConfiguration;
			buildSettings = {
				ASSETCATALOG_COMPILER_APPICON_NAME = AppIcon;
				ASSETCATALOG_COMPILER_GLOBAL_ACCENT_COLOR_NAME = AccentColor;
				CODE_SIGN_STYLE = Automatic;
				CURRENT_PROJECT_VERSION = 1;
				DEVELOPMENT_TEAM = 89WFJKS8JF;
				GENERATE_INFOPLIST_FILE = YES;
				INFOPLIST_FILE = VIPER/Info.plist;
				INFOPLIST_KEY_UIApplicationSupportsIndirectInputEvents = YES;
				INFOPLIST_KEY_UILaunchStoryboardName = LaunchScreen;
				INFOPLIST_KEY_UIMainStoryboardFile = Main;
				INFOPLIST_KEY_UISupportedInterfaceOrientations_iPad = "UIInterfaceOrientationPortrait UIInterfaceOrientationPortraitUpsideDown UIInterfaceOrientationLandscapeLeft UIInterfaceOrientationLandscapeRight";
				INFOPLIST_KEY_UISupportedInterfaceOrientations_iPhone = "UIInterfaceOrientationPortrait UIInterfaceOrientationLandscapeLeft UIInterfaceOrientationLandscapeRight";
				LD_RUNPATH_SEARCH_PATHS = (
					"$(inherited)",
					"@executable_path/Frameworks",
				);
				MARKETING_VERSION = 1.0;
				PRODUCT_BUNDLE_IDENTIFIER = himik220.VIPER;
				PRODUCT_NAME = "$(TARGET_NAME)";
				SWIFT_EMIT_LOC_STRINGS = YES;
				SWIFT_VERSION = 5.0;
				TARGETED_DEVICE_FAMILY = "1,2";
			};
			name = Debug;
		};
		7D4EBD3327E8DD50008A61F7 /* Release */ = {
			isa = XCBuildConfiguration;
			buildSettings = {
				ASSETCATALOG_COMPILER_APPICON_NAME = AppIcon;
				ASSETCATALOG_COMPILER_GLOBAL_ACCENT_COLOR_NAME = AccentColor;
				CODE_SIGN_STYLE = Automatic;
				CURRENT_PROJECT_VERSION = 1;
				DEVELOPMENT_TEAM = 89WFJKS8JF;
				GENERATE_INFOPLIST_FILE = YES;
				INFOPLIST_FILE = VIPER/Info.plist;
				INFOPLIST_KEY_UIApplicationSupportsIndirectInputEvents = YES;
				INFOPLIST_KEY_UILaunchStoryboardName = LaunchScreen;
				INFOPLIST_KEY_UIMainStoryboardFile = Main;
				INFOPLIST_KEY_UISupportedInterfaceOrientations_iPad = "UIInterfaceOrientationPortrait UIInterfaceOrientationPortraitUpsideDown UIInterfaceOrientationLandscapeLeft UIInterfaceOrientationLandscapeRight";
				INFOPLIST_KEY_UISupportedInterfaceOrientations_iPhone = "UIInterfaceOrientationPortrait UIInterfaceOrientationLandscapeLeft UIInterfaceOrientationLandscapeRight";
				LD_RUNPATH_SEARCH_PATHS = (
					"$(inherited)",
					"@executable_path/Frameworks",
				);
				MARKETING_VERSION = 1.0;
				PRODUCT_BUNDLE_IDENTIFIER = himik220.VIPER;
				PRODUCT_NAME = "$(TARGET_NAME)";
				SWIFT_EMIT_LOC_STRINGS = YES;
				SWIFT_VERSION = 5.0;
				TARGETED_DEVICE_FAMILY = "1,2";
			};
			name = Release;
		};
/* End XCBuildConfiguration section */

/* Begin XCConfigurationList section */
		7D4EBD1827E8DD4F008A61F7 /* Build configuration list for PBXProject "VIPER" */ = {
			isa = XCConfigurationList;
			buildConfigurations = (
				7D4EBD2F27E8DD50008A61F7 /* Debug */,
				7D4EBD3027E8DD50008A61F7 /* Release */,
			);
			defaultConfigurationIsVisible = 0;
			defaultConfigurationName = Release;
		};
		7D4EBD3127E8DD50008A61F7 /* Build configuration list for PBXNativeTarget "VIPER" */ = {
			isa = XCConfigurationList;
			buildConfigurations = (
				7D4EBD3227E8DD50008A61F7 /* Debug */,
				7D4EBD3327E8DD50008A61F7 /* Release */,
			);
			defaultConfigurationIsVisible = 0;
			defaultConfigurationName = Release;
		};
/* End XCConfigurationList section */
	};
	rootObject = 7D4EBD1527E8DD4F008A61F7 /* Project object */;
}
